
Microsoft Visual Studio Solution File, Format Version 12.00
# Visual Studio Version 17
VisualStudioVersion = 17.9.34622.214
MinimumVisualStudioVersion = 10.0.40219.1
Project("{FAE04EC0-301F-11D3-BF4B-00C04F79EFBC}") = "Задача 1", "Задача 1\Задача 1.csproj", "{380A743C-44B1-4A9D-BD16-F90253910625}"
EndProject
Project("{FAE04EC0-301F-11D3-BF4B-00C04F79EFBC}") = "Задача 2", "Задача 2\Задача 2.csproj", "{AE2A1845-E8E5-4B46-BF2D-7E317728F7CC}"
EndProject
Project("{FAE04EC0-301F-11D3-BF4B-00C04F79EFBC}") = "Задача 3", "Задача 3\Задача 3.csproj", "{6A681C4A-244B-4237-A0CD-A4ACB5E2621D}"
EndProject
Global
	GlobalSection(SolutionConfigurationPlatforms) = preSolution
		Debug|Any CPU = Debug|Any CPU
		Release|Any CPU = Release|Any CPU
	EndGlobalSection
	GlobalSection(ProjectConfigurationPlatforms) = postSolution
		{380A743C-44B1-4A9D-BD16-F90253910625}.Debug|Any CPU.ActiveCfg = Debug|Any CPU
		{380A743C-44B1-4A9D-BD16-F90253910625}.Debug|Any CPU.Build.0 = Debug|Any CPU
		{380A743C-44B1-4A9D-BD16-F90253910625}.Release|Any CPU.ActiveCfg = Release|Any CPU
		{380A743C-44B1-4A9D-BD16-F90253910625}.Release|Any CPU.Build.0 = Release|Any CPU
		{AE2A1845-E8E5-4B46-BF2D-7E317728F7CC}.Debug|Any CPU.ActiveCfg = Debug|Any CPU
		{AE2A1845-E8E5-4B46-BF2D-7E317728F7CC}.Debug|Any CPU.Build.0 = Debug|Any CPU
		{AE2A1845-E8E5-4B46-BF2D-7E317728F7CC}.Release|Any CPU.ActiveCfg = Release|Any CPU
		{AE2A1845-E8E5-4B46-BF2D-7E317728F7CC}.Release|Any CPU.Build.0 = Release|Any CPU
		{6A681C4A-244B-4237-A0CD-A4ACB5E2621D}.Debug|Any CPU.ActiveCfg = Debug|Any CPU
		{6A681C4A-244B-4237-A0CD-A4ACB5E2621D}.Debug|Any CPU.Build.0 = Debug|Any CPU
		{6A681C4A-244B-4237-A0CD-A4ACB5E2621D}.Release|Any CPU.ActiveCfg = Release|Any CPU
		{6A681C4A-244B-4237-A0CD-A4ACB5E2621D}.Release|Any CPU.Build.0 = Release|Any CPU
	EndGlobalSection
	GlobalSection(SolutionProperties) = preSolution
		HideSolutionNode = FALSE
	EndGlobalSection
	GlobalSection(ExtensibilityGlobals) = postSolution
		SolutionGuid = {36F3662B-140D-4B62-B0F0-6AF654359849}
	EndGlobalSection
EndGlobal
